
Microsoft Visual Studio Solution File, Format Version 12.00
# Visual Studio Version 16
VisualStudioVersion = 16.0.30114.105
MinimumVisualStudioVersion = 10.0.40219.1
Project("{FAE04EC0-301F-11D3-BF4B-00C04F79EFBC}") = "E-commerceProject.business", "E-commerceProject.business\E-commerceProject.business.csproj", "{AA3DD816-D736-40B2-A4E0-0B5DF22B54BE}"
EndProject
Project("{FAE04EC0-301F-11D3-BF4B-00C04F79EFBC}") = "E-commerceProject.data", "E-commerceProject.data\E-commerceProject.data.csproj", "{A9423560-E714-4ECC-8304-479DADC3AC43}"
EndProject
Project("{FAE04EC0-301F-11D3-BF4B-00C04F79EFBC}") = "E-commerceProject.entity", "E-commerceProject.entity\E-commerceProject.entity.csproj", "{AC9787D7-000F-45E0-891B-3393412A4BE5}"
EndProject
Project("{FAE04EC0-301F-11D3-BF4B-00C04F79EFBC}") = "E-commerceProject.webui", "E-commerceProject.webui\E-commerceProject.webui.csproj", "{CD6C00C4-2649-4932-8349-9DB8732078A3}"
EndProject
Global
	GlobalSection(SolutionConfigurationPlatforms) = preSolution
		Debug|Any CPU = Debug|Any CPU
		Debug|x64 = Debug|x64
		Debug|x86 = Debug|x86
		Release|Any CPU = Release|Any CPU
		Release|x64 = Release|x64
		Release|x86 = Release|x86
	EndGlobalSection
	GlobalSection(SolutionProperties) = preSolution
		HideSolutionNode = FALSE
	EndGlobalSection
	GlobalSection(ProjectConfigurationPlatforms) = postSolution
		{AA3DD816-D736-40B2-A4E0-0B5DF22B54BE}.Debug|Any CPU.ActiveCfg = Debug|Any CPU
		{AA3DD816-D736-40B2-A4E0-0B5DF22B54BE}.Debug|Any CPU.Build.0 = Debug|Any CPU
		{AA3DD816-D736-40B2-A4E0-0B5DF22B54BE}.Debug|x64.ActiveCfg = Debug|Any CPU
		{AA3DD816-D736-40B2-A4E0-0B5DF22B54BE}.Debug|x64.Build.0 = Debug|Any CPU
		{AA3DD816-D736-40B2-A4E0-0B5DF22B54BE}.Debug|x86.ActiveCfg = Debug|Any CPU
		{AA3DD816-D736-40B2-A4E0-0B5DF22B54BE}.Debug|x86.Build.0 = Debug|Any CPU
		{AA3DD816-D736-40B2-A4E0-0B5DF22B54BE}.Release|Any CPU.ActiveCfg = Release|Any CPU
		{AA3DD816-D736-40B2-A4E0-0B5DF22B54BE}.Release|Any CPU.Build.0 = Release|Any CPU
		{AA3DD816-D736-40B2-A4E0-0B5DF22B54BE}.Release|x64.ActiveCfg = Release|Any CPU
		{AA3DD816-D736-40B2-A4E0-0B5DF22B54BE}.Release|x64.Build.0 = Release|Any CPU
		{AA3DD816-D736-40B2-A4E0-0B5DF22B54BE}.Release|x86.ActiveCfg = Release|Any CPU
		{AA3DD816-D736-40B2-A4E0-0B5DF22B54BE}.Release|x86.Build.0 = Release|Any CPU
		{A9423560-E714-4ECC-8304-479DADC3AC43}.Debug|Any CPU.ActiveCfg = Debug|Any CPU
		{A9423560-E714-4ECC-8304-479DADC3AC43}.Debug|Any CPU.Build.0 = Debug|Any CPU
		{A9423560-E714-4ECC-8304-479DADC3AC43}.Debug|x64.ActiveCfg = Debug|Any CPU
		{A9423560-E714-4ECC-8304-479DADC3AC43}.Debug|x64.Build.0 = Debug|Any CPU
		{A9423560-E714-4ECC-8304-479DADC3AC43}.Debug|x86.ActiveCfg = Debug|Any CPU
		{A9423560-E714-4ECC-8304-479DADC3AC43}.Debug|x86.Build.0 = Debug|Any CPU
		{A9423560-E714-4ECC-8304-479DADC3AC43}.Release|Any CPU.ActiveCfg = Release|Any CPU
		{A9423560-E714-4ECC-8304-479DADC3AC43}.Release|Any CPU.Build.0 = Release|Any CPU
		{A9423560-E714-4ECC-8304-479DADC3AC43}.Release|x64.ActiveCfg = Release|Any CPU
		{A9423560-E714-4ECC-8304-479DADC3AC43}.Release|x64.Build.0 = Release|Any CPU
		{A9423560-E714-4ECC-8304-479DADC3AC43}.Release|x86.ActiveCfg = Release|Any CPU
		{A9423560-E714-4ECC-8304-479DADC3AC43}.Release|x86.Build.0 = Release|Any CPU
		{AC9787D7-000F-45E0-891B-3393412A4BE5}.Debug|Any CPU.ActiveCfg = Debug|Any CPU
		{AC9787D7-000F-45E0-891B-3393412A4BE5}.Debug|Any CPU.Build.0 = Debug|Any CPU
		{AC9787D7-000F-45E0-891B-3393412A4BE5}.Debug|x64.ActiveCfg = Debug|Any CPU
		{AC9787D7-000F-45E0-891B-3393412A4BE5}.Debug|x64.Build.0 = Debug|Any CPU
		{AC9787D7-000F-45E0-891B-3393412A4BE5}.Debug|x86.ActiveCfg = Debug|Any CPU
		{AC9787D7-000F-45E0-891B-3393412A4BE5}.Debug|x86.Build.0 = Debug|Any CPU
		{AC9787D7-000F-45E0-891B-3393412A4BE5}.Release|Any CPU.ActiveCfg = Release|Any CPU
		{AC9787D7-000F-45E0-891B-3393412A4BE5}.Release|Any CPU.Build.0 = Release|Any CPU
		{AC9787D7-000F-45E0-891B-3393412A4BE5}.Release|x64.ActiveCfg = Release|Any CPU
		{AC9787D7-000F-45E0-891B-3393412A4BE5}.Release|x64.Build.0 = Release|Any CPU
		{AC9787D7-000F-45E0-891B-3393412A4BE5}.Release|x86.ActiveCfg = Release|Any CPU
		{AC9787D7-000F-45E0-891B-3393412A4BE5}.Release|x86.Build.0 = Release|Any CPU
		{CD6C00C4-2649-4932-8349-9DB8732078A3}.Debug|Any CPU.ActiveCfg = Debug|Any CPU
		{CD6C00C4-2649-4932-8349-9DB8732078A3}.Debug|Any CPU.Build.0 = Debug|Any CPU
		{CD6C00C4-2649-4932-8349-9DB8732078A3}.Debug|x64.ActiveCfg = Debug|Any CPU
		{CD6C00C4-2649-4932-8349-9DB8732078A3}.Debug|x64.Build.0 = Debug|Any CPU
		{CD6C00C4-2649-4932-8349-9DB8732078A3}.Debug|x86.ActiveCfg = Debug|Any CPU
		{CD6C00C4-2649-4932-8349-9DB8732078A3}.Debug|x86.Build.0 = Debug|Any CPU
		{CD6C00C4-2649-4932-8349-9DB8732078A3}.Release|Any CPU.ActiveCfg = Release|Any CPU
		{CD6C00C4-2649-4932-8349-9DB8732078A3}.Release|Any CPU.Build.0 = Release|Any CPU
		{CD6C00C4-2649-4932-8349-9DB8732078A3}.Release|x64.ActiveCfg = Release|Any CPU
		{CD6C00C4-2649-4932-8349-9DB8732078A3}.Release|x64.Build.0 = Release|Any CPU
		{CD6C00C4-2649-4932-8349-9DB8732078A3}.Release|x86.ActiveCfg = Release|Any CPU
		{CD6C00C4-2649-4932-8349-9DB8732078A3}.Release|x86.Build.0 = Release|Any CPU
	EndGlobalSection
EndGlobal
